
Microsoft Visual Studio Solution File, Format Version 12.00
# Visual Studio Version 17
VisualStudioVersion = 17.5.33627.172
MinimumVisualStudioVersion = 10.0.40219.1
Project("{FAE04EC0-301F-11D3-BF4B-00C04F79EFBC}") = "hw2905", "hw2905\hw2905.csproj", "{6B08C386-3BE8-4214-BFCA-004881E5E5DD}"
EndProject
Global
	GlobalSection(SolutionConfigurationPlatforms) = preSolution
		Debug|Any CPU = Debug|Any CPU
		Release|Any CPU = Release|Any CPU
	EndGlobalSection
	GlobalSection(ProjectConfigurationPlatforms) = postSolution
		{6B08C386-3BE8-4214-BFCA-004881E5E5DD}.Debug|Any CPU.ActiveCfg = Debug|Any CPU
		{6B08C386-3BE8-4214-BFCA-004881E5E5DD}.Debug|Any CPU.Build.0 = Debug|Any CPU
		{6B08C386-3BE8-4214-BFCA-004881E5E5DD}.Release|Any CPU.ActiveCfg = Release|Any CPU
		{6B08C386-3BE8-4214-BFCA-004881E5E5DD}.Release|Any CPU.Build.0 = Release|Any CPU
	EndGlobalSection
	GlobalSection(SolutionProperties) = preSolution
		HideSolutionNode = FALSE
	EndGlobalSection
	GlobalSection(ExtensibilityGlobals) = postSolution
		SolutionGuid = {93A8DDD6-A43E-4B65-AA2A-EAF56EE5484C}
	EndGlobalSection
EndGlobal
